
Microsoft Visual Studio Solution File, Format Version 12.00
# Visual Studio 15
VisualStudioVersion = 15.0.28307.168
MinimumVisualStudioVersion = 10.0.40219.1
Project("{FAE04EC0-301F-11D3-BF4B-00C04F79EFBC}") = "Strings-Ex9", "Strings-Ex9\Strings-Ex9.csproj", "{882C792E-1DB7-4BEA-924D-41E3259E7681}"
EndProject
Global
	GlobalSection(SolutionConfigurationPlatforms) = preSolution
		Debug|Any CPU = Debug|Any CPU
		Release|Any CPU = Release|Any CPU
	EndGlobalSection
	GlobalSection(ProjectConfigurationPlatforms) = postSolution
		{882C792E-1DB7-4BEA-924D-41E3259E7681}.Debug|Any CPU.ActiveCfg = Debug|Any CPU
		{882C792E-1DB7-4BEA-924D-41E3259E7681}.Debug|Any CPU.Build.0 = Debug|Any CPU
		{882C792E-1DB7-4BEA-924D-41E3259E7681}.Release|Any CPU.ActiveCfg = Release|Any CPU
		{882C792E-1DB7-4BEA-924D-41E3259E7681}.Release|Any CPU.Build.0 = Release|Any CPU
	EndGlobalSection
	GlobalSection(SolutionProperties) = preSolution
		HideSolutionNode = FALSE
	EndGlobalSection
	GlobalSection(ExtensibilityGlobals) = postSolution
		SolutionGuid = {77B5E1E1-C1EC-4F52-B38A-830837159A01}
	EndGlobalSection
EndGlobal
